
Microsoft Visual Studio Solution File, Format Version 12.00
# Visual Studio 15
VisualStudioVersion = 15.0.28307.168
MinimumVisualStudioVersion = 10.0.40219.1
Project("{FAE04EC0-301F-11D3-BF4B-00C04F79EFBC}") = "TradeDataCollector", "TradeDataCollector\TradeDataCollector.csproj", "{08154505-DF38-438A-9CB3-8E07B3F4F684}"
EndProject
Project("{FAE04EC0-301F-11D3-BF4B-00C04F79EFBC}") = "Test", "Test\Test.csproj", "{50885E9C-7E14-4BF7-900D-FAC48ED38F1C}"
EndProject
Project("{FAE04EC0-301F-11D3-BF4B-00C04F79EFBC}") = "TradeDatacenter", "TradeDatacenter\TradeDatacenter.csproj", "{277BF320-29B8-4B1F-83A6-A1504E6938EC}"
EndProject
Global
	GlobalSection(SolutionConfigurationPlatforms) = preSolution
		Debug|Any CPU = Debug|Any CPU
		Release|Any CPU = Release|Any CPU
	EndGlobalSection
	GlobalSection(ProjectConfigurationPlatforms) = postSolution
		{08154505-DF38-438A-9CB3-8E07B3F4F684}.Debug|Any CPU.ActiveCfg = Debug|Any CPU
		{08154505-DF38-438A-9CB3-8E07B3F4F684}.Debug|Any CPU.Build.0 = Debug|Any CPU
		{08154505-DF38-438A-9CB3-8E07B3F4F684}.Release|Any CPU.ActiveCfg = Release|Any CPU
		{08154505-DF38-438A-9CB3-8E07B3F4F684}.Release|Any CPU.Build.0 = Release|Any CPU
		{50885E9C-7E14-4BF7-900D-FAC48ED38F1C}.Debug|Any CPU.ActiveCfg = Debug|Any CPU
		{50885E9C-7E14-4BF7-900D-FAC48ED38F1C}.Debug|Any CPU.Build.0 = Debug|Any CPU
		{50885E9C-7E14-4BF7-900D-FAC48ED38F1C}.Release|Any CPU.ActiveCfg = Release|Any CPU
		{50885E9C-7E14-4BF7-900D-FAC48ED38F1C}.Release|Any CPU.Build.0 = Release|Any CPU
		{277BF320-29B8-4B1F-83A6-A1504E6938EC}.Debug|Any CPU.ActiveCfg = Debug|Any CPU
		{277BF320-29B8-4B1F-83A6-A1504E6938EC}.Debug|Any CPU.Build.0 = Debug|Any CPU
		{277BF320-29B8-4B1F-83A6-A1504E6938EC}.Release|Any CPU.ActiveCfg = Release|Any CPU
		{277BF320-29B8-4B1F-83A6-A1504E6938EC}.Release|Any CPU.Build.0 = Release|Any CPU
	EndGlobalSection
	GlobalSection(SolutionProperties) = preSolution
		HideSolutionNode = FALSE
	EndGlobalSection
	GlobalSection(ExtensibilityGlobals) = postSolution
		SolutionGuid = {F5A00ED8-C7E6-4A6E-A2AF-D5E42A7C20AC}
	EndGlobalSection
EndGlobal
